
Microsoft Visual Studio Solution File, Format Version 12.00
# Visual Studio Version 17
VisualStudioVersion = 17.3.32922.545
MinimumVisualStudioVersion = 10.0.40219.1
Project("{FAE04EC0-301F-11D3-BF4B-00C04F79EFBC}") = "System.Product.Api", "System.Product.Api\System.Product.Api.csproj", "{28FB4D37-1E19-4768-8F72-F5EA4F1758D5}"
EndProject
Project("{FAE04EC0-301F-11D3-BF4B-00C04F79EFBC}") = "System.Product.Application", "System.Product.Application\System.Product.Application.csproj", "{E9287041-8270-4445-B89C-CEC7649B9B61}"
EndProject
Project("{FAE04EC0-301F-11D3-BF4B-00C04F79EFBC}") = "System.Product.Domain", "System.Product.Domain\System.Product.Domain.csproj", "{70989196-E50F-4A85-92DE-B5DE50683FD5}"
EndProject
Project("{FAE04EC0-301F-11D3-BF4B-00C04F79EFBC}") = "System.Product.Infrastructure", "System.Product.Infrastructure\System.Product.Infrastructure.csproj", "{A0599410-696B-4619-9E24-81ECD38B0A13}"
EndProject
Project("{FAE04EC0-301F-11D3-BF4B-00C04F79EFBC}") = "Sharedkernel", "Sharedkernel\Sharedkernel.csproj", "{5E7DD9ED-7E24-481B-A3AC-76BD269314A8}"
EndProject
Global
	GlobalSection(SolutionConfigurationPlatforms) = preSolution
		Debug|Any CPU = Debug|Any CPU
		Release|Any CPU = Release|Any CPU
	EndGlobalSection
	GlobalSection(ProjectConfigurationPlatforms) = postSolution
		{28FB4D37-1E19-4768-8F72-F5EA4F1758D5}.Debug|Any CPU.ActiveCfg = Debug|Any CPU
		{28FB4D37-1E19-4768-8F72-F5EA4F1758D5}.Debug|Any CPU.Build.0 = Debug|Any CPU
		{28FB4D37-1E19-4768-8F72-F5EA4F1758D5}.Release|Any CPU.ActiveCfg = Release|Any CPU
		{28FB4D37-1E19-4768-8F72-F5EA4F1758D5}.Release|Any CPU.Build.0 = Release|Any CPU
		{E9287041-8270-4445-B89C-CEC7649B9B61}.Debug|Any CPU.ActiveCfg = Debug|Any CPU
		{E9287041-8270-4445-B89C-CEC7649B9B61}.Debug|Any CPU.Build.0 = Debug|Any CPU
		{E9287041-8270-4445-B89C-CEC7649B9B61}.Release|Any CPU.ActiveCfg = Release|Any CPU
		{E9287041-8270-4445-B89C-CEC7649B9B61}.Release|Any CPU.Build.0 = Release|Any CPU
		{70989196-E50F-4A85-92DE-B5DE50683FD5}.Debug|Any CPU.ActiveCfg = Debug|Any CPU
		{70989196-E50F-4A85-92DE-B5DE50683FD5}.Debug|Any CPU.Build.0 = Debug|Any CPU
		{70989196-E50F-4A85-92DE-B5DE50683FD5}.Release|Any CPU.ActiveCfg = Release|Any CPU
		{70989196-E50F-4A85-92DE-B5DE50683FD5}.Release|Any CPU.Build.0 = Release|Any CPU
		{A0599410-696B-4619-9E24-81ECD38B0A13}.Debug|Any CPU.ActiveCfg = Debug|Any CPU
		{A0599410-696B-4619-9E24-81ECD38B0A13}.Debug|Any CPU.Build.0 = Debug|Any CPU
		{A0599410-696B-4619-9E24-81ECD38B0A13}.Release|Any CPU.ActiveCfg = Release|Any CPU
		{A0599410-696B-4619-9E24-81ECD38B0A13}.Release|Any CPU.Build.0 = Release|Any CPU
		{5E7DD9ED-7E24-481B-A3AC-76BD269314A8}.Debug|Any CPU.ActiveCfg = Debug|Any CPU
		{5E7DD9ED-7E24-481B-A3AC-76BD269314A8}.Debug|Any CPU.Build.0 = Debug|Any CPU
		{5E7DD9ED-7E24-481B-A3AC-76BD269314A8}.Release|Any CPU.ActiveCfg = Release|Any CPU
		{5E7DD9ED-7E24-481B-A3AC-76BD269314A8}.Release|Any CPU.Build.0 = Release|Any CPU
	EndGlobalSection
	GlobalSection(SolutionProperties) = preSolution
		HideSolutionNode = FALSE
	EndGlobalSection
	GlobalSection(ExtensibilityGlobals) = postSolution
		SolutionGuid = {C75B9E6A-B7E3-4010-B533-158F0BF1DEA7}
	EndGlobalSection
EndGlobal
